{
  "name": "design-workspace",
  "version": "0.0.0",
  "lockfileVersion": 3,
  "requires": true,
  "packages": {
    "": {
      "name": "design-workspace",
      "version": "0.0.0",
      "devDependencies": {
        "@21st-dev/cli": "^1.17.0"
      }
    },
    "node_modules/@21st-dev/cli": {
      "version": "1.17.0",
      "resolved": "https://registry.npmjs.org/@21st-dev/cli/-/cli-1.17.0.tgz",
      "integrity": "sha512-6GLjeoEOh8AcBV+ocEGPhLCtyaUgajKt/uxJVWylwxL8OX28w10+AR/xFChCKdte+AsBlp3e8Ep37uMynyBMHg==",
      "dev": true,
      "license": "MIT",
      "bin": {
        "21st": "dist/index.js"
      },
      "engines": {
        "node": ">=18"
      }
    }
  }
}
